
Microsoft Visual Studio Solution File, Format Version 12.00
# Visual Studio Version 16
VisualStudioVersion = 16.0.33927.289
MinimumVisualStudioVersion = 10.0.40219.1
Project("{9A19103F-16F7-4668-BE54-9A1E7A4F7556}") = "BoilerPlateAPI", "WebApplication11\BoilerPlateAPI.csproj", "{4A4C692C-4125-4999-8728-346FD3278A68}"
EndProject
Global
	GlobalSection(SolutionConfigurationPlatforms) = preSolution
		Debug|Any CPU = Debug|Any CPU
		Release|Any CPU = Release|Any CPU
	EndGlobalSection
	GlobalSection(ProjectConfigurationPlatforms) = postSolution
		{4A4C692C-4125-4999-8728-346FD3278A68}.Debug|Any CPU.ActiveCfg = Debug|Any CPU
		{4A4C692C-4125-4999-8728-346FD3278A68}.Debug|Any CPU.Build.0 = Debug|Any CPU
		{4A4C692C-4125-4999-8728-346FD3278A68}.Release|Any CPU.ActiveCfg = Release|Any CPU
		{4A4C692C-4125-4999-8728-346FD3278A68}.Release|Any CPU.Build.0 = Release|Any CPU
	EndGlobalSection
	GlobalSection(SolutionProperties) = preSolution
		HideSolutionNode = FALSE
	EndGlobalSection
	GlobalSection(ExtensibilityGlobals) = postSolution
		SolutionGuid = {475ABAF4-AA1F-44FA-9648-DD7466B8CC43}
	EndGlobalSection
EndGlobal
